{
  "name": "table_javaQuery",
  "lockfileVersion": 2,
  "requires": true,
  "packages": {
    "": {
      "dependencies": {
        "jsquery": "^1.1.1"
      }
    },
    "node_modules/jsquery": {
      "version": "1.1.1",
      "resolved": "https://registry.npmjs.org/jsquery/-/jsquery-1.1.1.tgz",
      "integrity": "sha512-48vJQFBaYYZLfNwKcw8OO+qzTeph83KYuZtStpgRP6rts+2A3QPo4wKpr0mSOKTPEBdnLtsb8vRy1ilpK9LNlw==",
      "deprecated": "please use @ekifvk/jpquery instead",
      "dependencies": {
        "lodash": "4.17.4"
      }
    },
    "node_modules/lodash": {
      "version": "4.17.4",
      "resolved": "https://registry.npmjs.org/lodash/-/lodash-4.17.4.tgz",
      "integrity": "sha512-6X37Sq9KCpLSXEh8uM12AKYlviHPNNk4RxiGBn4cmKGJinbXBneWIV7iE/nXkM928O7ytHcHb6+X6Svl0f4hXg=="
    }
  },
  "dependencies": {
    "jsquery": {
      "version": "1.1.1",
      "resolved": "https://registry.npmjs.org/jsquery/-/jsquery-1.1.1.tgz",
      "integrity": "sha512-48vJQFBaYYZLfNwKcw8OO+qzTeph83KYuZtStpgRP6rts+2A3QPo4wKpr0mSOKTPEBdnLtsb8vRy1ilpK9LNlw==",
      "requires": {
        "lodash": "4.17.4"
      }
    },
    "lodash": {
      "version": "4.17.4",
      "resolved": "https://registry.npmjs.org/lodash/-/lodash-4.17.4.tgz",
      "integrity": "sha512-6X37Sq9KCpLSXEh8uM12AKYlviHPNNk4RxiGBn4cmKGJinbXBneWIV7iE/nXkM928O7ytHcHb6+X6Svl0f4hXg=="
    }
  }
}
